{
    "_readme": [
        "This file locks the dependencies of your project to a known state",
        "Read more about it at https://getcomposer.org/doc/01-basic-usage.md#composer-lock-the-lock-file",
        "This file is @generated automatically"
    ],
    "hash": "7d23b945f18de458723930e833e724fe",
    "content-hash": "bc127389845a4d1d80002966c1d40cb0",
    "packages": [],
    "packages-dev": [],
    "aliases": [],
    "minimum-stability": "stable",
    "stability-flags": [],
    "prefer-stable": false,
    "prefer-lowest": false,
    "platform": {
        "php": ">=5.3.3",
        "ext-curl": "*",
        "ext-json": "*",
        "ext-mbstring": "*"
    },
    "platform-dev": []
}
